
Microsoft Visual Studio Solution File, Format Version 12.00
# Visual Studio Version 17
VisualStudioVersion = 17.0.31612.314
MinimumVisualStudioVersion = 10.0.40219.1
Project("{2150E333-8FDC-42A3-9474-1A3956D46DE8}") = "server", "server", "{9C3CA4DD-C643-48F2-8D8D-6024F09DD88D}"
EndProject
Project("{2150E333-8FDC-42A3-9474-1A3956D46DE8}") = "blazor", "blazor", "{4C38372C-AF86-4019-8B1E-4B4827E39D10}"
EndProject
Project("{2150E333-8FDC-42A3-9474-1A3956D46DE8}") = "data", "data", "{A96EC778-2B46-4FF6-A71D-AC0E7714A31E}"
EndProject
Project("{2150E333-8FDC-42A3-9474-1A3956D46DE8}") = "application", "application", "{140CA7C1-13C2-46AF-9A40-7B65C94FF5BC}"
EndProject
Project("{9A19103F-16F7-4668-BE54-9A1E7A4F7556}") = "Endpoints", "src\application\Endpoints\Endpoints.csproj", "{AC6303D4-C5B8-478A-85B2-674CEEBBFE4B}"
EndProject
Project("{9A19103F-16F7-4668-BE54-9A1E7A4F7556}") = "Management", "src\application\Management\Management.csproj", "{A42FE0BF-2EFE-47B8-AA30-B43C1AA8AFB5}"
EndProject
Project("{9A19103F-16F7-4668-BE54-9A1E7A4F7556}") = "Management.Contract", "src\application\Management.Contract\Management.Contract.csproj", "{060FF7A5-FEA3-4F44-9C25-8421B162A1ED}"
EndProject
Project("{9A19103F-16F7-4668-BE54-9A1E7A4F7556}") = "Transport", "src\application\Transport\Transport.csproj", "{72574291-878C-417B-AB5A-C7E3D23514CB}"
EndProject
Project("{9A19103F-16F7-4668-BE54-9A1E7A4F7556}") = "Transport.Contract", "src\application\Transport.Contract\Transport.Contract.csproj", "{F830B25B-69EF-4400-9A76-799039D1F1EF}"
EndProject
Project("{9A19103F-16F7-4668-BE54-9A1E7A4F7556}") = "BlazorApp", "src\blazor\BlazorApp\BlazorApp.csproj", "{6525DFBA-4286-44EB-8359-D35B893D627F}"
EndProject
Project("{9A19103F-16F7-4668-BE54-9A1E7A4F7556}") = "BlazorServerSideHost", "src\blazor\BlazorServerSideHost\BlazorServerSideHost.csproj", "{E62F7E97-8C60-4F6E-8312-82C3BE6A637C}"
EndProject
Project("{9A19103F-16F7-4668-BE54-9A1E7A4F7556}") = "BlazorWebAssemblyHost", "src\blazor\BlazorWebAssemblyHost\BlazorWebAssemblyHost.csproj", "{380E62BB-1ACE-4E44-8A6B-D176B1A706E0}"
EndProject
Project("{9A19103F-16F7-4668-BE54-9A1E7A4F7556}") = "Aggregates", "src\data\Aggregates\Aggregates.csproj", "{1DA59B52-E4C5-4C4A-81CC-EA829CE6961A}"
EndProject
Project("{9A19103F-16F7-4668-BE54-9A1E7A4F7556}") = "Data", "src\data\Data\Data.csproj", "{E1B4C088-27E2-4BB4-8BF5-708397476F46}"
EndProject
Project("{9A19103F-16F7-4668-BE54-9A1E7A4F7556}") = "Server", "src\server\Server\Server.csproj", "{5AA820DC-D113-48EE-8BD0-7DA5290F4612}"
EndProject
Project("{9A19103F-16F7-4668-BE54-9A1E7A4F7556}") = "ServerApp", "src\server\ServerApp\ServerApp.csproj", "{F6247179-E265-4129-827C-6F00D296A72D}"
EndProject
Project("{9A19103F-16F7-4668-BE54-9A1E7A4F7556}") = "BlazorApi", "src\blazor\BlazorApi\BlazorApi.csproj", "{A06745C0-75BF-425F-9AD1-726C4139708E}"
EndProject
Project("{9A19103F-16F7-4668-BE54-9A1E7A4F7556}") = "RuntimeData", "src\data\RuntimeData\RuntimeData.csproj", "{88525FC6-892A-4EFD-99EC-024B55D8F633}"
EndProject
Project("{9A19103F-16F7-4668-BE54-9A1E7A4F7556}") = "RuntimeData.Contract", "src\data\RuntimeData.Contract\RuntimeData.Contract.csproj", "{4F81A8E2-0438-4C55-A14B-DE7CC35F8C5D}"
EndProject
Project("{9A19103F-16F7-4668-BE54-9A1E7A4F7556}") = "Data.Contract", "src\data\Data.Contract\Data.Contract.csproj", "{46AB5C8F-CD7C-4458-A2A6-A09E2826CB93}"
EndProject
Project("{9A19103F-16F7-4668-BE54-9A1E7A4F7556}") = "Migrator", "src\data\Migrator\Migrator.csproj", "{4F427EA4-3A6D-4B8A-BD91-9D01B6B1FBB1}"
EndProject
Project("{2150E333-8FDC-42A3-9474-1A3956D46DE8}") = "_solution", "_solution", "{B6F849B6-1128-41E6-AC19-E1BA48BF9598}"
	ProjectSection(SolutionItems) = preProject
		.editorconfig = .editorconfig
		README.md = README.md
	EndProjectSection
EndProject
Project("{2150E333-8FDC-42A3-9474-1A3956D46DE8}") = "templates", "templates", "{88B3DE80-486C-4DCE-BE50-6636E77822A2}"
EndProject
Project("{9A19103F-16F7-4668-BE54-9A1E7A4F7556}") = "Playwright.Extensions", "src\templates\Playwright.Extensions\Playwright.Extensions.csproj", "{E52172F3-ACE5-4A7D-9213-F6EC0431C148}"
EndProject
Project("{9A19103F-16F7-4668-BE54-9A1E7A4F7556}") = "Workflows", "src\application\Workflows\Workflows.csproj", "{39F0D676-F25B-4FC8-A8E8-BF6CE8B5F4C1}"
EndProject
Project("{2150E333-8FDC-42A3-9474-1A3956D46DE8}") = "deployment", "deployment", "{5D882788-5E82-4901-B39F-60B18357CD50}"
	ProjectSection(SolutionItems) = preProject
		.github\workflows\deploy-app-preview.yml = .github\workflows\deploy-app-preview.yml
		.github\workflows\deploy-server-preview.yml = .github\workflows\deploy-server-preview.yml
		.github\workflows\run-adventure-tours-preview.yml = .github\workflows\run-adventure-tours-preview.yml
		.github\workflows\run-migrator-preview.yml = .github\workflows\run-migrator-preview.yml
	EndProjectSection
EndProject
Project("{2150E333-8FDC-42A3-9474-1A3956D46DE8}") = "infrastructure", "infrastructure", "{73531296-D81F-49D0-AE06-AE3082EFC7DB}"
	ProjectSection(SolutionItems) = preProject
		k8s\azurecosmosdb-deployment.yaml = k8s\azurecosmosdb-deployment.yaml
		k8s\azurecosmosdb-secret.yaml = k8s\azurecosmosdb-secret.yaml
		k8s\azurecosmosdb-service.yaml = k8s\azurecosmosdb-service.yaml
		k8s\azurecosmosdb-volume.yaml = k8s\azurecosmosdb-volume.yaml
		k8s\azurite-deployment.yaml = k8s\azurite-deployment.yaml
		k8s\azurite-secret.yaml = k8s\azurite-secret.yaml
		k8s\azurite-service.yaml = k8s\azurite-service.yaml
		k8s\infrasturcture-remove.ps1 = k8s\infrasturcture-remove.ps1
		k8s\infrasturcture.ps1 = k8s\infrasturcture.ps1
	EndProjectSection
EndProject
Project("{9A19103F-16F7-4668-BE54-9A1E7A4F7556}") = "Playwright.AdventureTours", "src\templates\Playwright.AdventureTours\Playwright.AdventureTours.csproj", "{78AA213A-6D51-4BD2-A393-E237A0E3626B}"
EndProject
Project("{9A19103F-16F7-4668-BE54-9A1E7A4F7556}") = "Playwright.AdventureToursAuditing", "src\templates\Playwright.AdventureToursAuditing\Playwright.AdventureToursAuditing.csproj", "{5BF86968-CC2F-417A-BCBE-7CB2029B6FC0}"
EndProject
Project("{9A19103F-16F7-4668-BE54-9A1E7A4F7556}") = "BlobStorage.Contract", "src\data\BlobStorage.Contract\BlobStorage.Contract.csproj", "{2E116CFF-4C69-49A4-8FC1-CB6903DBAD2E}"
EndProject
Project("{9A19103F-16F7-4668-BE54-9A1E7A4F7556}") = "BlobStorage", "src\data\BlobStorage\BlobStorage.csproj", "{EEEA962C-CD85-4C06-A836-A150E0E554FA}"
EndProject
Project("{2150E333-8FDC-42A3-9474-1A3956D46DE8}") = "shared", "shared", "{E93E4FE8-9F97-4C12-9C91-A6B1E418B830}"
EndProject
Project("{9A19103F-16F7-4668-BE54-9A1E7A4F7556}") = "Environment", "src\shared\Environment\Environment.csproj", "{ED6C326D-2142-4B4D-8411-7E28DE8FD9E5}"
EndProject
Project("{9A19103F-16F7-4668-BE54-9A1E7A4F7556}") = "Orchestration", "src\shared\Orchestration\Orchestration.csproj", "{228E523C-5787-48C6-A4A1-624F85D1B8C7}"
EndProject
Project("{9A19103F-16F7-4668-BE54-9A1E7A4F7556}") = "Orchestration.Contract", "src\shared\Orchestration.Contract\Orchestration.Contract.csproj", "{557EA41E-CD00-403D-849F-0F8ED61DD87A}"
EndProject
Project("{9A19103F-16F7-4668-BE54-9A1E7A4F7556}") = "Security", "src\shared\Security\Security.csproj", "{585F31D5-FA27-4666-8BBC-992C74C008AA}"
EndProject
Project("{9A19103F-16F7-4668-BE54-9A1E7A4F7556}") = "Security.Contract", "src\shared\Security.Contract\Security.Contract.csproj", "{EA1EE8FE-A0E1-458B-AD6F-F403A5C613BA}"
EndProject
Project("{9A19103F-16F7-4668-BE54-9A1E7A4F7556}") = "Shared", "src\shared\Shared\Shared.csproj", "{60B4C977-41BB-4E8F-9B76-BC372C826DCE}"
EndProject
Project("{9A19103F-16F7-4668-BE54-9A1E7A4F7556}") = "Shared.Tests", "src\shared\Shared.Tests\Shared.Tests.csproj", "{7F04DDC3-602E-4597-A463-6F31DFB17593}"
EndProject
Project("{9A19103F-16F7-4668-BE54-9A1E7A4F7556}") = "Client.Transport", "src\blazor\Client.Transport\Client.Transport.csproj", "{936B2668-F5A3-4EB8-B91F-7EF830BA6290}"
EndProject
Project("{9A19103F-16F7-4668-BE54-9A1E7A4F7556}") = "Client.Services", "src\blazor\Client.Services\Client.Services.csproj", "{B2F0E5B5-9EFF-464D-A6A8-E1C825DB2C77}"
EndProject
Project("{9A19103F-16F7-4668-BE54-9A1E7A4F7556}") = "SignalR", "src\shared\SignalR\SignalR.csproj", "{01A6C2B3-E8C4-4A6A-8148-E4A1330DF8B5}"
EndProject
Project("{9A19103F-16F7-4668-BE54-9A1E7A4F7556}") = "Client.Radio", "src\blazor\Client.Radio\Client.Radio.csproj", "{127C92CE-12D3-4CF6-9F06-A8ED48129B77}"
EndProject
Project("{9A19103F-16F7-4668-BE54-9A1E7A4F7556}") = "Client.Radio.Contract", "src\blazor\Client.Radio.Contract\Client.Radio.Contract.csproj", "{338628A7-FDF8-4DE6-A4BF-48D92E84D940}"
EndProject
Project("{9A19103F-16F7-4668-BE54-9A1E7A4F7556}") = "Radio", "src\application\Radio\Radio.csproj", "{1D0866FE-BC59-493F-84D1-956275AA9645}"
EndProject
Project("{9A19103F-16F7-4668-BE54-9A1E7A4F7556}") = "Radio.Contract", "src\application\Radio.Contract\Radio.Contract.csproj", "{2CA9A4CB-A0AA-4053-B02D-AF8915CDE389}"
EndProject
Project("{9A19103F-16F7-4668-BE54-9A1E7A4F7556}") = "Server.Swagger", "src\server\Server.Swagger\Server.Swagger.csproj", "{3B617854-EB65-4322-82A2-F5975AAFAC9D}"
EndProject
Global
	GlobalSection(SolutionConfigurationPlatforms) = preSolution
		Debug|Any CPU = Debug|Any CPU
		Release|Any CPU = Release|Any CPU
	EndGlobalSection
	GlobalSection(ProjectConfigurationPlatforms) = postSolution
		{AC6303D4-C5B8-478A-85B2-674CEEBBFE4B}.Debug|Any CPU.ActiveCfg = Debug|Any CPU
		{AC6303D4-C5B8-478A-85B2-674CEEBBFE4B}.Debug|Any CPU.Build.0 = Debug|Any CPU
		{AC6303D4-C5B8-478A-85B2-674CEEBBFE4B}.Release|Any CPU.ActiveCfg = Release|Any CPU
		{AC6303D4-C5B8-478A-85B2-674CEEBBFE4B}.Release|Any CPU.Build.0 = Release|Any CPU
		{A42FE0BF-2EFE-47B8-AA30-B43C1AA8AFB5}.Debug|Any CPU.ActiveCfg = Debug|Any CPU
		{A42FE0BF-2EFE-47B8-AA30-B43C1AA8AFB5}.Debug|Any CPU.Build.0 = Debug|Any CPU
		{A42FE0BF-2EFE-47B8-AA30-B43C1AA8AFB5}.Release|Any CPU.ActiveCfg = Release|Any CPU
		{A42FE0BF-2EFE-47B8-AA30-B43C1AA8AFB5}.Release|Any CPU.Build.0 = Release|Any CPU
		{060FF7A5-FEA3-4F44-9C25-8421B162A1ED}.Debug|Any CPU.ActiveCfg = Debug|Any CPU
		{060FF7A5-FEA3-4F44-9C25-8421B162A1ED}.Debug|Any CPU.Build.0 = Debug|Any CPU
		{060FF7A5-FEA3-4F44-9C25-8421B162A1ED}.Release|Any CPU.ActiveCfg = Release|Any CPU
		{060FF7A5-FEA3-4F44-9C25-8421B162A1ED}.Release|Any CPU.Build.0 = Release|Any CPU
		{72574291-878C-417B-AB5A-C7E3D23514CB}.Debug|Any CPU.ActiveCfg = Debug|Any CPU
		{72574291-878C-417B-AB5A-C7E3D23514CB}.Debug|Any CPU.Build.0 = Debug|Any CPU
		{72574291-878C-417B-AB5A-C7E3D23514CB}.Release|Any CPU.ActiveCfg = Release|Any CPU
		{72574291-878C-417B-AB5A-C7E3D23514CB}.Release|Any CPU.Build.0 = Release|Any CPU
		{F830B25B-69EF-4400-9A76-799039D1F1EF}.Debug|Any CPU.ActiveCfg = Debug|Any CPU
		{F830B25B-69EF-4400-9A76-799039D1F1EF}.Debug|Any CPU.Build.0 = Debug|Any CPU
		{F830B25B-69EF-4400-9A76-799039D1F1EF}.Release|Any CPU.ActiveCfg = Release|Any CPU
		{F830B25B-69EF-4400-9A76-799039D1F1EF}.Release|Any CPU.Build.0 = Release|Any CPU
		{6525DFBA-4286-44EB-8359-D35B893D627F}.Debug|Any CPU.ActiveCfg = Debug|Any CPU
		{6525DFBA-4286-44EB-8359-D35B893D627F}.Debug|Any CPU.Build.0 = Debug|Any CPU
		{6525DFBA-4286-44EB-8359-D35B893D627F}.Release|Any CPU.ActiveCfg = Release|Any CPU
		{6525DFBA-4286-44EB-8359-D35B893D627F}.Release|Any CPU.Build.0 = Release|Any CPU
		{E62F7E97-8C60-4F6E-8312-82C3BE6A637C}.Debug|Any CPU.ActiveCfg = Debug|Any CPU
		{E62F7E97-8C60-4F6E-8312-82C3BE6A637C}.Debug|Any CPU.Build.0 = Debug|Any CPU
		{E62F7E97-8C60-4F6E-8312-82C3BE6A637C}.Release|Any CPU.ActiveCfg = Release|Any CPU
		{E62F7E97-8C60-4F6E-8312-82C3BE6A637C}.Release|Any CPU.Build.0 = Release|Any CPU
		{380E62BB-1ACE-4E44-8A6B-D176B1A706E0}.Debug|Any CPU.ActiveCfg = Debug|Any CPU
		{380E62BB-1ACE-4E44-8A6B-D176B1A706E0}.Debug|Any CPU.Build.0 = Debug|Any CPU
		{380E62BB-1ACE-4E44-8A6B-D176B1A706E0}.Release|Any CPU.ActiveCfg = Release|Any CPU
		{380E62BB-1ACE-4E44-8A6B-D176B1A706E0}.Release|Any CPU.Build.0 = Release|Any CPU
		{1DA59B52-E4C5-4C4A-81CC-EA829CE6961A}.Debug|Any CPU.ActiveCfg = Debug|Any CPU
		{1DA59B52-E4C5-4C4A-81CC-EA829CE6961A}.Debug|Any CPU.Build.0 = Debug|Any CPU
		{1DA59B52-E4C5-4C4A-81CC-EA829CE6961A}.Release|Any CPU.ActiveCfg = Release|Any CPU
		{1DA59B52-E4C5-4C4A-81CC-EA829CE6961A}.Release|Any CPU.Build.0 = Release|Any CPU
		{E1B4C088-27E2-4BB4-8BF5-708397476F46}.Debug|Any CPU.ActiveCfg = Debug|Any CPU
		{E1B4C088-27E2-4BB4-8BF5-708397476F46}.Debug|Any CPU.Build.0 = Debug|Any CPU
		{E1B4C088-27E2-4BB4-8BF5-708397476F46}.Release|Any CPU.ActiveCfg = Release|Any CPU
		{E1B4C088-27E2-4BB4-8BF5-708397476F46}.Release|Any CPU.Build.0 = Release|Any CPU
		{5AA820DC-D113-48EE-8BD0-7DA5290F4612}.Debug|Any CPU.ActiveCfg = Debug|Any CPU
		{5AA820DC-D113-48EE-8BD0-7DA5290F4612}.Debug|Any CPU.Build.0 = Debug|Any CPU
		{5AA820DC-D113-48EE-8BD0-7DA5290F4612}.Release|Any CPU.ActiveCfg = Release|Any CPU
		{5AA820DC-D113-48EE-8BD0-7DA5290F4612}.Release|Any CPU.Build.0 = Release|Any CPU
		{F6247179-E265-4129-827C-6F00D296A72D}.Debug|Any CPU.ActiveCfg = Debug|Any CPU
		{F6247179-E265-4129-827C-6F00D296A72D}.Debug|Any CPU.Build.0 = Debug|Any CPU
		{F6247179-E265-4129-827C-6F00D296A72D}.Release|Any CPU.ActiveCfg = Release|Any CPU
		{F6247179-E265-4129-827C-6F00D296A72D}.Release|Any CPU.Build.0 = Release|Any CPU
		{A06745C0-75BF-425F-9AD1-726C4139708E}.Debug|Any CPU.ActiveCfg = Debug|Any CPU
		{A06745C0-75BF-425F-9AD1-726C4139708E}.Debug|Any CPU.Build.0 = Debug|Any CPU
		{A06745C0-75BF-425F-9AD1-726C4139708E}.Release|Any CPU.ActiveCfg = Release|Any CPU
		{A06745C0-75BF-425F-9AD1-726C4139708E}.Release|Any CPU.Build.0 = Release|Any CPU
		{88525FC6-892A-4EFD-99EC-024B55D8F633}.Debug|Any CPU.ActiveCfg = Debug|Any CPU
		{88525FC6-892A-4EFD-99EC-024B55D8F633}.Debug|Any CPU.Build.0 = Debug|Any CPU
		{88525FC6-892A-4EFD-99EC-024B55D8F633}.Release|Any CPU.ActiveCfg = Release|Any CPU
		{88525FC6-892A-4EFD-99EC-024B55D8F633}.Release|Any CPU.Build.0 = Release|Any CPU
		{4F81A8E2-0438-4C55-A14B-DE7CC35F8C5D}.Debug|Any CPU.ActiveCfg = Debug|Any CPU
		{4F81A8E2-0438-4C55-A14B-DE7CC35F8C5D}.Debug|Any CPU.Build.0 = Debug|Any CPU
		{4F81A8E2-0438-4C55-A14B-DE7CC35F8C5D}.Release|Any CPU.ActiveCfg = Release|Any CPU
		{4F81A8E2-0438-4C55-A14B-DE7CC35F8C5D}.Release|Any CPU.Build.0 = Release|Any CPU
		{46AB5C8F-CD7C-4458-A2A6-A09E2826CB93}.Debug|Any CPU.ActiveCfg = Debug|Any CPU
		{46AB5C8F-CD7C-4458-A2A6-A09E2826CB93}.Debug|Any CPU.Build.0 = Debug|Any CPU
		{46AB5C8F-CD7C-4458-A2A6-A09E2826CB93}.Release|Any CPU.ActiveCfg = Release|Any CPU
		{46AB5C8F-CD7C-4458-A2A6-A09E2826CB93}.Release|Any CPU.Build.0 = Release|Any CPU
		{4F427EA4-3A6D-4B8A-BD91-9D01B6B1FBB1}.Debug|Any CPU.ActiveCfg = Debug|Any CPU
		{4F427EA4-3A6D-4B8A-BD91-9D01B6B1FBB1}.Debug|Any CPU.Build.0 = Debug|Any CPU
		{4F427EA4-3A6D-4B8A-BD91-9D01B6B1FBB1}.Release|Any CPU.ActiveCfg = Release|Any CPU
		{4F427EA4-3A6D-4B8A-BD91-9D01B6B1FBB1}.Release|Any CPU.Build.0 = Release|Any CPU
		{E52172F3-ACE5-4A7D-9213-F6EC0431C148}.Debug|Any CPU.ActiveCfg = Debug|Any CPU
		{E52172F3-ACE5-4A7D-9213-F6EC0431C148}.Debug|Any CPU.Build.0 = Debug|Any CPU
		{E52172F3-ACE5-4A7D-9213-F6EC0431C148}.Release|Any CPU.ActiveCfg = Release|Any CPU
		{E52172F3-ACE5-4A7D-9213-F6EC0431C148}.Release|Any CPU.Build.0 = Release|Any CPU
		{39F0D676-F25B-4FC8-A8E8-BF6CE8B5F4C1}.Debug|Any CPU.ActiveCfg = Debug|Any CPU
		{39F0D676-F25B-4FC8-A8E8-BF6CE8B5F4C1}.Debug|Any CPU.Build.0 = Debug|Any CPU
		{39F0D676-F25B-4FC8-A8E8-BF6CE8B5F4C1}.Release|Any CPU.ActiveCfg = Release|Any CPU
		{39F0D676-F25B-4FC8-A8E8-BF6CE8B5F4C1}.Release|Any CPU.Build.0 = Release|Any CPU
		{78AA213A-6D51-4BD2-A393-E237A0E3626B}.Debug|Any CPU.ActiveCfg = Debug|Any CPU
		{78AA213A-6D51-4BD2-A393-E237A0E3626B}.Debug|Any CPU.Build.0 = Debug|Any CPU
		{78AA213A-6D51-4BD2-A393-E237A0E3626B}.Release|Any CPU.ActiveCfg = Release|Any CPU
		{78AA213A-6D51-4BD2-A393-E237A0E3626B}.Release|Any CPU.Build.0 = Release|Any CPU
		{5BF86968-CC2F-417A-BCBE-7CB2029B6FC0}.Debug|Any CPU.ActiveCfg = Debug|Any CPU
		{5BF86968-CC2F-417A-BCBE-7CB2029B6FC0}.Debug|Any CPU.Build.0 = Debug|Any CPU
		{5BF86968-CC2F-417A-BCBE-7CB2029B6FC0}.Release|Any CPU.ActiveCfg = Release|Any CPU
		{5BF86968-CC2F-417A-BCBE-7CB2029B6FC0}.Release|Any CPU.Build.0 = Release|Any CPU
		{2E116CFF-4C69-49A4-8FC1-CB6903DBAD2E}.Debug|Any CPU.ActiveCfg = Debug|Any CPU
		{2E116CFF-4C69-49A4-8FC1-CB6903DBAD2E}.Debug|Any CPU.Build.0 = Debug|Any CPU
		{2E116CFF-4C69-49A4-8FC1-CB6903DBAD2E}.Release|Any CPU.ActiveCfg = Release|Any CPU
		{2E116CFF-4C69-49A4-8FC1-CB6903DBAD2E}.Release|Any CPU.Build.0 = Release|Any CPU
		{EEEA962C-CD85-4C06-A836-A150E0E554FA}.Debug|Any CPU.ActiveCfg = Debug|Any CPU
		{EEEA962C-CD85-4C06-A836-A150E0E554FA}.Debug|Any CPU.Build.0 = Debug|Any CPU
		{EEEA962C-CD85-4C06-A836-A150E0E554FA}.Release|Any CPU.ActiveCfg = Release|Any CPU
		{EEEA962C-CD85-4C06-A836-A150E0E554FA}.Release|Any CPU.Build.0 = Release|Any CPU
		{ED6C326D-2142-4B4D-8411-7E28DE8FD9E5}.Debug|Any CPU.ActiveCfg = Debug|Any CPU
		{ED6C326D-2142-4B4D-8411-7E28DE8FD9E5}.Debug|Any CPU.Build.0 = Debug|Any CPU
		{ED6C326D-2142-4B4D-8411-7E28DE8FD9E5}.Release|Any CPU.ActiveCfg = Release|Any CPU
		{ED6C326D-2142-4B4D-8411-7E28DE8FD9E5}.Release|Any CPU.Build.0 = Release|Any CPU
		{228E523C-5787-48C6-A4A1-624F85D1B8C7}.Debug|Any CPU.ActiveCfg = Debug|Any CPU
		{228E523C-5787-48C6-A4A1-624F85D1B8C7}.Debug|Any CPU.Build.0 = Debug|Any CPU
		{228E523C-5787-48C6-A4A1-624F85D1B8C7}.Release|Any CPU.ActiveCfg = Release|Any CPU
		{228E523C-5787-48C6-A4A1-624F85D1B8C7}.Release|Any CPU.Build.0 = Release|Any CPU
		{557EA41E-CD00-403D-849F-0F8ED61DD87A}.Debug|Any CPU.ActiveCfg = Debug|Any CPU
		{557EA41E-CD00-403D-849F-0F8ED61DD87A}.Debug|Any CPU.Build.0 = Debug|Any CPU
		{557EA41E-CD00-403D-849F-0F8ED61DD87A}.Release|Any CPU.ActiveCfg = Release|Any CPU
		{557EA41E-CD00-403D-849F-0F8ED61DD87A}.Release|Any CPU.Build.0 = Release|Any CPU
		{585F31D5-FA27-4666-8BBC-992C74C008AA}.Debug|Any CPU.ActiveCfg = Debug|Any CPU
		{585F31D5-FA27-4666-8BBC-992C74C008AA}.Debug|Any CPU.Build.0 = Debug|Any CPU
		{585F31D5-FA27-4666-8BBC-992C74C008AA}.Release|Any CPU.ActiveCfg = Release|Any CPU
		{585F31D5-FA27-4666-8BBC-992C74C008AA}.Release|Any CPU.Build.0 = Release|Any CPU
		{EA1EE8FE-A0E1-458B-AD6F-F403A5C613BA}.Debug|Any CPU.ActiveCfg = Debug|Any CPU
		{EA1EE8FE-A0E1-458B-AD6F-F403A5C613BA}.Debug|Any CPU.Build.0 = Debug|Any CPU
		{EA1EE8FE-A0E1-458B-AD6F-F403A5C613BA}.Release|Any CPU.ActiveCfg = Release|Any CPU
		{EA1EE8FE-A0E1-458B-AD6F-F403A5C613BA}.Release|Any CPU.Build.0 = Release|Any CPU
		{60B4C977-41BB-4E8F-9B76-BC372C826DCE}.Debug|Any CPU.ActiveCfg = Debug|Any CPU
		{60B4C977-41BB-4E8F-9B76-BC372C826DCE}.Debug|Any CPU.Build.0 = Debug|Any CPU
		{60B4C977-41BB-4E8F-9B76-BC372C826DCE}.Release|Any CPU.ActiveCfg = Release|Any CPU
		{60B4C977-41BB-4E8F-9B76-BC372C826DCE}.Release|Any CPU.Build.0 = Release|Any CPU
		{7F04DDC3-602E-4597-A463-6F31DFB17593}.Debug|Any CPU.ActiveCfg = Debug|Any CPU
		{7F04DDC3-602E-4597-A463-6F31DFB17593}.Debug|Any CPU.Build.0 = Debug|Any CPU
		{7F04DDC3-602E-4597-A463-6F31DFB17593}.Release|Any CPU.ActiveCfg = Release|Any CPU
		{7F04DDC3-602E-4597-A463-6F31DFB17593}.Release|Any CPU.Build.0 = Release|Any CPU
		{936B2668-F5A3-4EB8-B91F-7EF830BA6290}.Debug|Any CPU.ActiveCfg = Debug|Any CPU
		{936B2668-F5A3-4EB8-B91F-7EF830BA6290}.Debug|Any CPU.Build.0 = Debug|Any CPU
		{936B2668-F5A3-4EB8-B91F-7EF830BA6290}.Release|Any CPU.ActiveCfg = Release|Any CPU
		{936B2668-F5A3-4EB8-B91F-7EF830BA6290}.Release|Any CPU.Build.0 = Release|Any CPU
		{B2F0E5B5-9EFF-464D-A6A8-E1C825DB2C77}.Debug|Any CPU.ActiveCfg = Debug|Any CPU
		{B2F0E5B5-9EFF-464D-A6A8-E1C825DB2C77}.Debug|Any CPU.Build.0 = Debug|Any CPU
		{B2F0E5B5-9EFF-464D-A6A8-E1C825DB2C77}.Release|Any CPU.ActiveCfg = Release|Any CPU
		{B2F0E5B5-9EFF-464D-A6A8-E1C825DB2C77}.Release|Any CPU.Build.0 = Release|Any CPU
		{01A6C2B3-E8C4-4A6A-8148-E4A1330DF8B5}.Debug|Any CPU.ActiveCfg = Debug|Any CPU
		{01A6C2B3-E8C4-4A6A-8148-E4A1330DF8B5}.Debug|Any CPU.Build.0 = Debug|Any CPU
		{01A6C2B3-E8C4-4A6A-8148-E4A1330DF8B5}.Release|Any CPU.ActiveCfg = Release|Any CPU
		{01A6C2B3-E8C4-4A6A-8148-E4A1330DF8B5}.Release|Any CPU.Build.0 = Release|Any CPU
		{127C92CE-12D3-4CF6-9F06-A8ED48129B77}.Debug|Any CPU.ActiveCfg = Debug|Any CPU
		{127C92CE-12D3-4CF6-9F06-A8ED48129B77}.Debug|Any CPU.Build.0 = Debug|Any CPU
		{127C92CE-12D3-4CF6-9F06-A8ED48129B77}.Release|Any CPU.ActiveCfg = Release|Any CPU
		{127C92CE-12D3-4CF6-9F06-A8ED48129B77}.Release|Any CPU.Build.0 = Release|Any CPU
		{338628A7-FDF8-4DE6-A4BF-48D92E84D940}.Debug|Any CPU.ActiveCfg = Debug|Any CPU
		{338628A7-FDF8-4DE6-A4BF-48D92E84D940}.Debug|Any CPU.Build.0 = Debug|Any CPU
		{338628A7-FDF8-4DE6-A4BF-48D92E84D940}.Release|Any CPU.ActiveCfg = Release|Any CPU
		{338628A7-FDF8-4DE6-A4BF-48D92E84D940}.Release|Any CPU.Build.0 = Release|Any CPU
		{1D0866FE-BC59-493F-84D1-956275AA9645}.Debug|Any CPU.ActiveCfg = Debug|Any CPU
		{1D0866FE-BC59-493F-84D1-956275AA9645}.Debug|Any CPU.Build.0 = Debug|Any CPU
		{1D0866FE-BC59-493F-84D1-956275AA9645}.Release|Any CPU.ActiveCfg = Release|Any CPU
		{1D0866FE-BC59-493F-84D1-956275AA9645}.Release|Any CPU.Build.0 = Release|Any CPU
		{2CA9A4CB-A0AA-4053-B02D-AF8915CDE389}.Debug|Any CPU.ActiveCfg = Debug|Any CPU
		{2CA9A4CB-A0AA-4053-B02D-AF8915CDE389}.Debug|Any CPU.Build.0 = Debug|Any CPU
		{2CA9A4CB-A0AA-4053-B02D-AF8915CDE389}.Release|Any CPU.ActiveCfg = Release|Any CPU
		{2CA9A4CB-A0AA-4053-B02D-AF8915CDE389}.Release|Any CPU.Build.0 = Release|Any CPU
		{3B617854-EB65-4322-82A2-F5975AAFAC9D}.Debug|Any CPU.ActiveCfg = Debug|Any CPU
		{3B617854-EB65-4322-82A2-F5975AAFAC9D}.Debug|Any CPU.Build.0 = Debug|Any CPU
		{3B617854-EB65-4322-82A2-F5975AAFAC9D}.Release|Any CPU.ActiveCfg = Release|Any CPU
		{3B617854-EB65-4322-82A2-F5975AAFAC9D}.Release|Any CPU.Build.0 = Release|Any CPU
	EndGlobalSection
	GlobalSection(SolutionProperties) = preSolution
		HideSolutionNode = FALSE
	EndGlobalSection
	GlobalSection(NestedProjects) = preSolution
		{AC6303D4-C5B8-478A-85B2-674CEEBBFE4B} = {140CA7C1-13C2-46AF-9A40-7B65C94FF5BC}
		{A42FE0BF-2EFE-47B8-AA30-B43C1AA8AFB5} = {140CA7C1-13C2-46AF-9A40-7B65C94FF5BC}
		{060FF7A5-FEA3-4F44-9C25-8421B162A1ED} = {140CA7C1-13C2-46AF-9A40-7B65C94FF5BC}
		{72574291-878C-417B-AB5A-C7E3D23514CB} = {140CA7C1-13C2-46AF-9A40-7B65C94FF5BC}
		{F830B25B-69EF-4400-9A76-799039D1F1EF} = {140CA7C1-13C2-46AF-9A40-7B65C94FF5BC}
		{6525DFBA-4286-44EB-8359-D35B893D627F} = {4C38372C-AF86-4019-8B1E-4B4827E39D10}
		{E62F7E97-8C60-4F6E-8312-82C3BE6A637C} = {4C38372C-AF86-4019-8B1E-4B4827E39D10}
		{380E62BB-1ACE-4E44-8A6B-D176B1A706E0} = {4C38372C-AF86-4019-8B1E-4B4827E39D10}
		{1DA59B52-E4C5-4C4A-81CC-EA829CE6961A} = {A96EC778-2B46-4FF6-A71D-AC0E7714A31E}
		{E1B4C088-27E2-4BB4-8BF5-708397476F46} = {A96EC778-2B46-4FF6-A71D-AC0E7714A31E}
		{5AA820DC-D113-48EE-8BD0-7DA5290F4612} = {9C3CA4DD-C643-48F2-8D8D-6024F09DD88D}
		{F6247179-E265-4129-827C-6F00D296A72D} = {9C3CA4DD-C643-48F2-8D8D-6024F09DD88D}
		{A06745C0-75BF-425F-9AD1-726C4139708E} = {4C38372C-AF86-4019-8B1E-4B4827E39D10}
		{88525FC6-892A-4EFD-99EC-024B55D8F633} = {A96EC778-2B46-4FF6-A71D-AC0E7714A31E}
		{4F81A8E2-0438-4C55-A14B-DE7CC35F8C5D} = {A96EC778-2B46-4FF6-A71D-AC0E7714A31E}
		{46AB5C8F-CD7C-4458-A2A6-A09E2826CB93} = {A96EC778-2B46-4FF6-A71D-AC0E7714A31E}
		{4F427EA4-3A6D-4B8A-BD91-9D01B6B1FBB1} = {A96EC778-2B46-4FF6-A71D-AC0E7714A31E}
		{E52172F3-ACE5-4A7D-9213-F6EC0431C148} = {88B3DE80-486C-4DCE-BE50-6636E77822A2}
		{39F0D676-F25B-4FC8-A8E8-BF6CE8B5F4C1} = {140CA7C1-13C2-46AF-9A40-7B65C94FF5BC}
		{5D882788-5E82-4901-B39F-60B18357CD50} = {B6F849B6-1128-41E6-AC19-E1BA48BF9598}
		{73531296-D81F-49D0-AE06-AE3082EFC7DB} = {B6F849B6-1128-41E6-AC19-E1BA48BF9598}
		{78AA213A-6D51-4BD2-A393-E237A0E3626B} = {88B3DE80-486C-4DCE-BE50-6636E77822A2}
		{5BF86968-CC2F-417A-BCBE-7CB2029B6FC0} = {88B3DE80-486C-4DCE-BE50-6636E77822A2}
		{2E116CFF-4C69-49A4-8FC1-CB6903DBAD2E} = {A96EC778-2B46-4FF6-A71D-AC0E7714A31E}
		{EEEA962C-CD85-4C06-A836-A150E0E554FA} = {A96EC778-2B46-4FF6-A71D-AC0E7714A31E}
		{ED6C326D-2142-4B4D-8411-7E28DE8FD9E5} = {E93E4FE8-9F97-4C12-9C91-A6B1E418B830}
		{228E523C-5787-48C6-A4A1-624F85D1B8C7} = {E93E4FE8-9F97-4C12-9C91-A6B1E418B830}
		{557EA41E-CD00-403D-849F-0F8ED61DD87A} = {E93E4FE8-9F97-4C12-9C91-A6B1E418B830}
		{585F31D5-FA27-4666-8BBC-992C74C008AA} = {E93E4FE8-9F97-4C12-9C91-A6B1E418B830}
		{EA1EE8FE-A0E1-458B-AD6F-F403A5C613BA} = {E93E4FE8-9F97-4C12-9C91-A6B1E418B830}
		{60B4C977-41BB-4E8F-9B76-BC372C826DCE} = {E93E4FE8-9F97-4C12-9C91-A6B1E418B830}
		{7F04DDC3-602E-4597-A463-6F31DFB17593} = {E93E4FE8-9F97-4C12-9C91-A6B1E418B830}
		{936B2668-F5A3-4EB8-B91F-7EF830BA6290} = {4C38372C-AF86-4019-8B1E-4B4827E39D10}
		{B2F0E5B5-9EFF-464D-A6A8-E1C825DB2C77} = {4C38372C-AF86-4019-8B1E-4B4827E39D10}
		{01A6C2B3-E8C4-4A6A-8148-E4A1330DF8B5} = {E93E4FE8-9F97-4C12-9C91-A6B1E418B830}
		{127C92CE-12D3-4CF6-9F06-A8ED48129B77} = {4C38372C-AF86-4019-8B1E-4B4827E39D10}
		{338628A7-FDF8-4DE6-A4BF-48D92E84D940} = {4C38372C-AF86-4019-8B1E-4B4827E39D10}
		{1D0866FE-BC59-493F-84D1-956275AA9645} = {140CA7C1-13C2-46AF-9A40-7B65C94FF5BC}
		{2CA9A4CB-A0AA-4053-B02D-AF8915CDE389} = {140CA7C1-13C2-46AF-9A40-7B65C94FF5BC}
		{3B617854-EB65-4322-82A2-F5975AAFAC9D} = {9C3CA4DD-C643-48F2-8D8D-6024F09DD88D}
	EndGlobalSection
	GlobalSection(ExtensibilityGlobals) = postSolution
		SolutionGuid = {167D4B81-B91A-4D40-AEEF-6CC3C49F9CD1}
	EndGlobalSection
EndGlobal
