
Microsoft Visual Studio Solution File, Format Version 12.00
# Visual Studio Version 17
VisualStudioVersion = 17.0.31612.314
MinimumVisualStudioVersion = 10.0.40219.1
Project("{2150E333-8FDC-42A3-9474-1A3956D46DE8}") = "endpoint", "endpoint", "{9C3CA4DD-C643-48F2-8D8D-6024F09DD88D}"
EndProject
Project("{2150E333-8FDC-42A3-9474-1A3956D46DE8}") = "blazor", "blazor", "{4C38372C-AF86-4019-8B1E-4B4827E39D10}"
EndProject
Project("{2150E333-8FDC-42A3-9474-1A3956D46DE8}") = "management", "management", "{4A357F23-74C6-40DB-BE18-24A59B3BA1A4}"
EndProject
Project("{2150E333-8FDC-42A3-9474-1A3956D46DE8}") = "environment", "environment", "{8D4CA2FF-B838-46A2-B792-2C75C23DCBB7}"
EndProject
Project("{2150E333-8FDC-42A3-9474-1A3956D46DE8}") = "data", "data", "{A96EC778-2B46-4FF6-A71D-AC0E7714A31E}"
EndProject
Project("{2150E333-8FDC-42A3-9474-1A3956D46DE8}") = "shared", "shared", "{E52EC6D2-9D3C-493D-BD68-5FAFF5AD9F00}"
EndProject
Project("{2150E333-8FDC-42A3-9474-1A3956D46DE8}") = "presentation", "presentation", "{6168998B-1338-4F7F-A0F8-3C31CB645CB1}"
EndProject
Project("{9A19103F-16F7-4668-BE54-9A1E7A4F7556}") = "Super.Paula.Aggregates", "data\Super.Paula.Aggregates\Super.Paula.Aggregates.csproj", "{B6BB5B0D-B81F-4556-92D1-73CD50B78C83}"
EndProject
Project("{9A19103F-16F7-4668-BE54-9A1E7A4F7556}") = "Super.Paula.Data", "data\Super.Paula.Data\Super.Paula.Data.csproj", "{99ABE4AB-5DD3-48DF-83BB-3516AEF3311E}"
EndProject
Project("{9A19103F-16F7-4668-BE54-9A1E7A4F7556}") = "Super.Paula.Data.AspNetCore", "data\Super.Paula.Data.AspNetCore\Super.Paula.Data.AspNetCore.csproj", "{2875552D-6C74-45B5-809D-F82ABF581E3D}"
EndProject
Project("{9A19103F-16F7-4668-BE54-9A1E7A4F7556}") = "Super.Paula.Environment", "environment\Super.Paula.Environment\Super.Paula.Environment.csproj", "{62EB2EDF-0448-46E5-B949-7A6514472F02}"
EndProject
Project("{9A19103F-16F7-4668-BE54-9A1E7A4F7556}") = "Super.Paula.Environment.AspNetCore", "environment\Super.Paula.Environment.AspNetCore\Super.Paula.Environment.AspNetCore.csproj", "{EA0A474E-D7E5-4F09-B447-4084432B3CC1}"
EndProject
Project("{9A19103F-16F7-4668-BE54-9A1E7A4F7556}") = "Super.Paula.Management", "management\Super.Paula.Management\Super.Paula.Management.csproj", "{96CD5B62-B430-42F8-BDD1-23F40D437BEE}"
EndProject
Project("{9A19103F-16F7-4668-BE54-9A1E7A4F7556}") = "Super.Paula.Management.Contract", "management\Super.Paula.Management.Contract\Super.Paula.Management.Contract.csproj", "{C7FFF6C6-45BD-46AD-AF5B-B0DB2A2420C1}"
EndProject
Project("{9A19103F-16F7-4668-BE54-9A1E7A4F7556}") = "Super.Paula.BlazorApp", "presentation\blazor\Super.Paula.BlazorApp\Super.Paula.BlazorApp.csproj", "{BC201012-0064-44A5-BEEA-51E1E0E109BC}"
EndProject
Project("{9A19103F-16F7-4668-BE54-9A1E7A4F7556}") = "Super.Paula.BlazorServerSideHost", "presentation\blazor\Super.Paula.BlazorServerSideHost\Super.Paula.BlazorServerSideHost.csproj", "{45BD4251-F33D-4EC2-947D-292F04294998}"
EndProject
Project("{9A19103F-16F7-4668-BE54-9A1E7A4F7556}") = "Super.Paula.BlazorWebAssemblyHost", "presentation\blazor\Super.Paula.BlazorWebAssemblyHost\Super.Paula.BlazorWebAssemblyHost.csproj", "{9FA65C37-7136-4354-A849-5C9969F36E39}"
EndProject
Project("{9A19103F-16F7-4668-BE54-9A1E7A4F7556}") = "Super.Paula.Web", "presentation\endpoint\Super.Paula.Web\Super.Paula.Web.csproj", "{F7124D97-AB7C-4A73-B0F2-107C7CC25C05}"
EndProject
Project("{9A19103F-16F7-4668-BE54-9A1E7A4F7556}") = "Super.Paula.Web.Client", "presentation\endpoint\Super.Paula.Web.Client\Super.Paula.Web.Client.csproj", "{0CEA5BED-1B2E-42BC-8730-97FA49DF3ED3}"
EndProject
Project("{9A19103F-16F7-4668-BE54-9A1E7A4F7556}") = "Super.Paula.Web.Server", "presentation\endpoint\Super.Paula.Web.Server\Super.Paula.Web.Server.csproj", "{173391A4-CBA8-450D-8FEF-A5DDF6FA1E15}"
EndProject
Project("{9A19103F-16F7-4668-BE54-9A1E7A4F7556}") = "Super.Paula.Web.Shared", "presentation\endpoint\Super.Paula.Web.Shared\Super.Paula.Web.Shared.csproj", "{461D4BD4-3ED2-4645-BFA5-AE2BB6480A2E}"
EndProject
Project("{9A19103F-16F7-4668-BE54-9A1E7A4F7556}") = "Super.Paula.Shared", "shared\Super.Paula.Shared\Super.Paula.Shared.csproj", "{3D0286FE-FAE4-45E1-AC2D-3557844A51BD}"
EndProject
Global
	GlobalSection(SolutionConfigurationPlatforms) = preSolution
		Debug|Any CPU = Debug|Any CPU
		Release|Any CPU = Release|Any CPU
	EndGlobalSection
	GlobalSection(ProjectConfigurationPlatforms) = postSolution
		{B6BB5B0D-B81F-4556-92D1-73CD50B78C83}.Debug|Any CPU.ActiveCfg = Debug|Any CPU
		{B6BB5B0D-B81F-4556-92D1-73CD50B78C83}.Debug|Any CPU.Build.0 = Debug|Any CPU
		{B6BB5B0D-B81F-4556-92D1-73CD50B78C83}.Release|Any CPU.ActiveCfg = Release|Any CPU
		{B6BB5B0D-B81F-4556-92D1-73CD50B78C83}.Release|Any CPU.Build.0 = Release|Any CPU
		{99ABE4AB-5DD3-48DF-83BB-3516AEF3311E}.Debug|Any CPU.ActiveCfg = Debug|Any CPU
		{99ABE4AB-5DD3-48DF-83BB-3516AEF3311E}.Debug|Any CPU.Build.0 = Debug|Any CPU
		{99ABE4AB-5DD3-48DF-83BB-3516AEF3311E}.Release|Any CPU.ActiveCfg = Release|Any CPU
		{99ABE4AB-5DD3-48DF-83BB-3516AEF3311E}.Release|Any CPU.Build.0 = Release|Any CPU
		{2875552D-6C74-45B5-809D-F82ABF581E3D}.Debug|Any CPU.ActiveCfg = Debug|Any CPU
		{2875552D-6C74-45B5-809D-F82ABF581E3D}.Debug|Any CPU.Build.0 = Debug|Any CPU
		{2875552D-6C74-45B5-809D-F82ABF581E3D}.Release|Any CPU.ActiveCfg = Release|Any CPU
		{2875552D-6C74-45B5-809D-F82ABF581E3D}.Release|Any CPU.Build.0 = Release|Any CPU
		{62EB2EDF-0448-46E5-B949-7A6514472F02}.Debug|Any CPU.ActiveCfg = Debug|Any CPU
		{62EB2EDF-0448-46E5-B949-7A6514472F02}.Debug|Any CPU.Build.0 = Debug|Any CPU
		{62EB2EDF-0448-46E5-B949-7A6514472F02}.Release|Any CPU.ActiveCfg = Release|Any CPU
		{62EB2EDF-0448-46E5-B949-7A6514472F02}.Release|Any CPU.Build.0 = Release|Any CPU
		{EA0A474E-D7E5-4F09-B447-4084432B3CC1}.Debug|Any CPU.ActiveCfg = Debug|Any CPU
		{EA0A474E-D7E5-4F09-B447-4084432B3CC1}.Debug|Any CPU.Build.0 = Debug|Any CPU
		{EA0A474E-D7E5-4F09-B447-4084432B3CC1}.Release|Any CPU.ActiveCfg = Release|Any CPU
		{EA0A474E-D7E5-4F09-B447-4084432B3CC1}.Release|Any CPU.Build.0 = Release|Any CPU
		{96CD5B62-B430-42F8-BDD1-23F40D437BEE}.Debug|Any CPU.ActiveCfg = Debug|Any CPU
		{96CD5B62-B430-42F8-BDD1-23F40D437BEE}.Debug|Any CPU.Build.0 = Debug|Any CPU
		{96CD5B62-B430-42F8-BDD1-23F40D437BEE}.Release|Any CPU.ActiveCfg = Release|Any CPU
		{96CD5B62-B430-42F8-BDD1-23F40D437BEE}.Release|Any CPU.Build.0 = Release|Any CPU
		{C7FFF6C6-45BD-46AD-AF5B-B0DB2A2420C1}.Debug|Any CPU.ActiveCfg = Debug|Any CPU
		{C7FFF6C6-45BD-46AD-AF5B-B0DB2A2420C1}.Debug|Any CPU.Build.0 = Debug|Any CPU
		{C7FFF6C6-45BD-46AD-AF5B-B0DB2A2420C1}.Release|Any CPU.ActiveCfg = Release|Any CPU
		{C7FFF6C6-45BD-46AD-AF5B-B0DB2A2420C1}.Release|Any CPU.Build.0 = Release|Any CPU
		{BC201012-0064-44A5-BEEA-51E1E0E109BC}.Debug|Any CPU.ActiveCfg = Debug|Any CPU
		{BC201012-0064-44A5-BEEA-51E1E0E109BC}.Debug|Any CPU.Build.0 = Debug|Any CPU
		{BC201012-0064-44A5-BEEA-51E1E0E109BC}.Release|Any CPU.ActiveCfg = Release|Any CPU
		{BC201012-0064-44A5-BEEA-51E1E0E109BC}.Release|Any CPU.Build.0 = Release|Any CPU
		{45BD4251-F33D-4EC2-947D-292F04294998}.Debug|Any CPU.ActiveCfg = Debug|Any CPU
		{45BD4251-F33D-4EC2-947D-292F04294998}.Debug|Any CPU.Build.0 = Debug|Any CPU
		{45BD4251-F33D-4EC2-947D-292F04294998}.Release|Any CPU.ActiveCfg = Release|Any CPU
		{45BD4251-F33D-4EC2-947D-292F04294998}.Release|Any CPU.Build.0 = Release|Any CPU
		{9FA65C37-7136-4354-A849-5C9969F36E39}.Debug|Any CPU.ActiveCfg = Debug|Any CPU
		{9FA65C37-7136-4354-A849-5C9969F36E39}.Debug|Any CPU.Build.0 = Debug|Any CPU
		{9FA65C37-7136-4354-A849-5C9969F36E39}.Release|Any CPU.ActiveCfg = Release|Any CPU
		{9FA65C37-7136-4354-A849-5C9969F36E39}.Release|Any CPU.Build.0 = Release|Any CPU
		{F7124D97-AB7C-4A73-B0F2-107C7CC25C05}.Debug|Any CPU.ActiveCfg = Debug|Any CPU
		{F7124D97-AB7C-4A73-B0F2-107C7CC25C05}.Debug|Any CPU.Build.0 = Debug|Any CPU
		{F7124D97-AB7C-4A73-B0F2-107C7CC25C05}.Release|Any CPU.ActiveCfg = Release|Any CPU
		{F7124D97-AB7C-4A73-B0F2-107C7CC25C05}.Release|Any CPU.Build.0 = Release|Any CPU
		{0CEA5BED-1B2E-42BC-8730-97FA49DF3ED3}.Debug|Any CPU.ActiveCfg = Debug|Any CPU
		{0CEA5BED-1B2E-42BC-8730-97FA49DF3ED3}.Debug|Any CPU.Build.0 = Debug|Any CPU
		{0CEA5BED-1B2E-42BC-8730-97FA49DF3ED3}.Release|Any CPU.ActiveCfg = Release|Any CPU
		{0CEA5BED-1B2E-42BC-8730-97FA49DF3ED3}.Release|Any CPU.Build.0 = Release|Any CPU
		{173391A4-CBA8-450D-8FEF-A5DDF6FA1E15}.Debug|Any CPU.ActiveCfg = Debug|Any CPU
		{173391A4-CBA8-450D-8FEF-A5DDF6FA1E15}.Debug|Any CPU.Build.0 = Debug|Any CPU
		{173391A4-CBA8-450D-8FEF-A5DDF6FA1E15}.Release|Any CPU.ActiveCfg = Release|Any CPU
		{173391A4-CBA8-450D-8FEF-A5DDF6FA1E15}.Release|Any CPU.Build.0 = Release|Any CPU
		{461D4BD4-3ED2-4645-BFA5-AE2BB6480A2E}.Debug|Any CPU.ActiveCfg = Debug|Any CPU
		{461D4BD4-3ED2-4645-BFA5-AE2BB6480A2E}.Debug|Any CPU.Build.0 = Debug|Any CPU
		{461D4BD4-3ED2-4645-BFA5-AE2BB6480A2E}.Release|Any CPU.ActiveCfg = Release|Any CPU
		{461D4BD4-3ED2-4645-BFA5-AE2BB6480A2E}.Release|Any CPU.Build.0 = Release|Any CPU
		{3D0286FE-FAE4-45E1-AC2D-3557844A51BD}.Debug|Any CPU.ActiveCfg = Debug|Any CPU
		{3D0286FE-FAE4-45E1-AC2D-3557844A51BD}.Debug|Any CPU.Build.0 = Debug|Any CPU
		{3D0286FE-FAE4-45E1-AC2D-3557844A51BD}.Release|Any CPU.ActiveCfg = Release|Any CPU
		{3D0286FE-FAE4-45E1-AC2D-3557844A51BD}.Release|Any CPU.Build.0 = Release|Any CPU
	EndGlobalSection
	GlobalSection(SolutionProperties) = preSolution
		HideSolutionNode = FALSE
	EndGlobalSection
	GlobalSection(NestedProjects) = preSolution
		{9C3CA4DD-C643-48F2-8D8D-6024F09DD88D} = {6168998B-1338-4F7F-A0F8-3C31CB645CB1}
		{4C38372C-AF86-4019-8B1E-4B4827E39D10} = {6168998B-1338-4F7F-A0F8-3C31CB645CB1}
		{B6BB5B0D-B81F-4556-92D1-73CD50B78C83} = {A96EC778-2B46-4FF6-A71D-AC0E7714A31E}
		{99ABE4AB-5DD3-48DF-83BB-3516AEF3311E} = {A96EC778-2B46-4FF6-A71D-AC0E7714A31E}
		{2875552D-6C74-45B5-809D-F82ABF581E3D} = {A96EC778-2B46-4FF6-A71D-AC0E7714A31E}
		{62EB2EDF-0448-46E5-B949-7A6514472F02} = {8D4CA2FF-B838-46A2-B792-2C75C23DCBB7}
		{EA0A474E-D7E5-4F09-B447-4084432B3CC1} = {8D4CA2FF-B838-46A2-B792-2C75C23DCBB7}
		{96CD5B62-B430-42F8-BDD1-23F40D437BEE} = {4A357F23-74C6-40DB-BE18-24A59B3BA1A4}
		{C7FFF6C6-45BD-46AD-AF5B-B0DB2A2420C1} = {4A357F23-74C6-40DB-BE18-24A59B3BA1A4}
		{BC201012-0064-44A5-BEEA-51E1E0E109BC} = {4C38372C-AF86-4019-8B1E-4B4827E39D10}
		{45BD4251-F33D-4EC2-947D-292F04294998} = {4C38372C-AF86-4019-8B1E-4B4827E39D10}
		{9FA65C37-7136-4354-A849-5C9969F36E39} = {4C38372C-AF86-4019-8B1E-4B4827E39D10}
		{F7124D97-AB7C-4A73-B0F2-107C7CC25C05} = {9C3CA4DD-C643-48F2-8D8D-6024F09DD88D}
		{0CEA5BED-1B2E-42BC-8730-97FA49DF3ED3} = {9C3CA4DD-C643-48F2-8D8D-6024F09DD88D}
		{173391A4-CBA8-450D-8FEF-A5DDF6FA1E15} = {9C3CA4DD-C643-48F2-8D8D-6024F09DD88D}
		{461D4BD4-3ED2-4645-BFA5-AE2BB6480A2E} = {9C3CA4DD-C643-48F2-8D8D-6024F09DD88D}
		{3D0286FE-FAE4-45E1-AC2D-3557844A51BD} = {E52EC6D2-9D3C-493D-BD68-5FAFF5AD9F00}
	EndGlobalSection
	GlobalSection(ExtensibilityGlobals) = postSolution
		SolutionGuid = {167D4B81-B91A-4D40-AEEF-6CC3C49F9CD1}
	EndGlobalSection
EndGlobal
