
Microsoft Visual Studio Solution File, Format Version 12.00
# Visual Studio Version 17
VisualStudioVersion = 17.0.31612.314
MinimumVisualStudioVersion = 10.0.40219.1
Project("{2150E333-8FDC-42A3-9474-1A3956D46DE8}") = "server", "server", "{9C3CA4DD-C643-48F2-8D8D-6024F09DD88D}"
EndProject
Project("{2150E333-8FDC-42A3-9474-1A3956D46DE8}") = "blazor", "blazor", "{4C38372C-AF86-4019-8B1E-4B4827E39D10}"
EndProject
Project("{2150E333-8FDC-42A3-9474-1A3956D46DE8}") = "data", "data", "{A96EC778-2B46-4FF6-A71D-AC0E7714A31E}"
EndProject
Project("{2150E333-8FDC-42A3-9474-1A3956D46DE8}") = "application", "application", "{140CA7C1-13C2-46AF-9A40-7B65C94FF5BC}"
EndProject
Project("{9A19103F-16F7-4668-BE54-9A1E7A4F7556}") = "Endpoints", "src\application\Endpoints\Endpoints.csproj", "{AC6303D4-C5B8-478A-85B2-674CEEBBFE4B}"
EndProject
Project("{9A19103F-16F7-4668-BE54-9A1E7A4F7556}") = "Environment", "src\application\Environment\Environment.csproj", "{627D5E75-CD61-4F45-B202-10BC92174C01}"
EndProject
Project("{9A19103F-16F7-4668-BE54-9A1E7A4F7556}") = "Environment.AspNetCore", "src\application\Environment.AspNetCore\Environment.AspNetCore.csproj", "{4E0D532C-FE6F-4A39-B347-5FEC9784A4A5}"
EndProject
Project("{9A19103F-16F7-4668-BE54-9A1E7A4F7556}") = "Management", "src\application\Management\Management.csproj", "{A42FE0BF-2EFE-47B8-AA30-B43C1AA8AFB5}"
EndProject
Project("{9A19103F-16F7-4668-BE54-9A1E7A4F7556}") = "Management.Contract", "src\application\Management.Contract\Management.Contract.csproj", "{060FF7A5-FEA3-4F44-9C25-8421B162A1ED}"
EndProject
Project("{9A19103F-16F7-4668-BE54-9A1E7A4F7556}") = "Shared", "src\application\Shared\Shared.csproj", "{DFC89644-FF0A-4C36-93D0-469E8ECB0067}"
EndProject
Project("{9A19103F-16F7-4668-BE54-9A1E7A4F7556}") = "Transport", "src\application\Transport\Transport.csproj", "{72574291-878C-417B-AB5A-C7E3D23514CB}"
EndProject
Project("{9A19103F-16F7-4668-BE54-9A1E7A4F7556}") = "Transport.Contract", "src\application\Transport.Contract\Transport.Contract.csproj", "{F830B25B-69EF-4400-9A76-799039D1F1EF}"
EndProject
Project("{9A19103F-16F7-4668-BE54-9A1E7A4F7556}") = "BlazorApp", "src\blazor\BlazorApp\BlazorApp.csproj", "{6525DFBA-4286-44EB-8359-D35B893D627F}"
EndProject
Project("{9A19103F-16F7-4668-BE54-9A1E7A4F7556}") = "BlazorServerSideHost", "src\blazor\BlazorServerSideHost\BlazorServerSideHost.csproj", "{E62F7E97-8C60-4F6E-8312-82C3BE6A637C}"
EndProject
Project("{9A19103F-16F7-4668-BE54-9A1E7A4F7556}") = "BlazorWebAssemblyHost", "src\blazor\BlazorWebAssemblyHost\BlazorWebAssemblyHost.csproj", "{380E62BB-1ACE-4E44-8A6B-D176B1A706E0}"
EndProject
Project("{9A19103F-16F7-4668-BE54-9A1E7A4F7556}") = "Client", "src\blazor\Client\Client.csproj", "{8F7EFD22-AAD4-413F-AA5D-6878858DDC49}"
EndProject
Project("{9A19103F-16F7-4668-BE54-9A1E7A4F7556}") = "Client.Infrastructure", "src\blazor\Client.Infrastructure\Client.Infrastructure.csproj", "{E7EBF92B-E795-4BAA-8E74-BDC598DEDF68}"
EndProject
Project("{9A19103F-16F7-4668-BE54-9A1E7A4F7556}") = "Aggregates", "src\data\Aggregates\Aggregates.csproj", "{1DA59B52-E4C5-4C4A-81CC-EA829CE6961A}"
EndProject
Project("{9A19103F-16F7-4668-BE54-9A1E7A4F7556}") = "Data", "src\data\Data\Data.csproj", "{E1B4C088-27E2-4BB4-8BF5-708397476F46}"
EndProject
Project("{9A19103F-16F7-4668-BE54-9A1E7A4F7556}") = "Data.AspNetCore", "src\data\Data.AspNetCore\Data.AspNetCore.csproj", "{F3E0DDC9-57EA-4037-9592-FC3A620CFFF2}"
EndProject
Project("{9A19103F-16F7-4668-BE54-9A1E7A4F7556}") = "Server", "src\server\Server\Server.csproj", "{5AA820DC-D113-48EE-8BD0-7DA5290F4612}"
EndProject
Project("{9A19103F-16F7-4668-BE54-9A1E7A4F7556}") = "ServerApp", "src\server\ServerApp\ServerApp.csproj", "{F6247179-E265-4129-827C-6F00D296A72D}"
EndProject
Project("{9A19103F-16F7-4668-BE54-9A1E7A4F7556}") = "Authorization", "src\application\Authorization\Authorization.csproj", "{6A0E8607-3DDE-4C1C-9E3C-7B93DB89EDA2}"
EndProject
Project("{9A19103F-16F7-4668-BE54-9A1E7A4F7556}") = "SignalR.Contract", "src\application\SignalR.Contract\SignalR.Contract.csproj", "{F175B091-3409-44E2-A4E0-390A2CE218B9}"
EndProject
Project("{9A19103F-16F7-4668-BE54-9A1E7A4F7556}") = "SignalR", "src\application\SignalR\SignalR.csproj", "{C4BD20B7-883E-4E5D-80AA-BA6B46E02B0C}"
EndProject
Project("{9A19103F-16F7-4668-BE54-9A1E7A4F7556}") = "BlazorApi", "src\blazor\BlazorApi\BlazorApi.csproj", "{A06745C0-75BF-425F-9AD1-726C4139708E}"
EndProject
Global
	GlobalSection(SolutionConfigurationPlatforms) = preSolution
		Debug|Any CPU = Debug|Any CPU
		Release|Any CPU = Release|Any CPU
	EndGlobalSection
	GlobalSection(ProjectConfigurationPlatforms) = postSolution
		{AC6303D4-C5B8-478A-85B2-674CEEBBFE4B}.Debug|Any CPU.ActiveCfg = Debug|Any CPU
		{AC6303D4-C5B8-478A-85B2-674CEEBBFE4B}.Debug|Any CPU.Build.0 = Debug|Any CPU
		{AC6303D4-C5B8-478A-85B2-674CEEBBFE4B}.Release|Any CPU.ActiveCfg = Release|Any CPU
		{AC6303D4-C5B8-478A-85B2-674CEEBBFE4B}.Release|Any CPU.Build.0 = Release|Any CPU
		{627D5E75-CD61-4F45-B202-10BC92174C01}.Debug|Any CPU.ActiveCfg = Debug|Any CPU
		{627D5E75-CD61-4F45-B202-10BC92174C01}.Debug|Any CPU.Build.0 = Debug|Any CPU
		{627D5E75-CD61-4F45-B202-10BC92174C01}.Release|Any CPU.ActiveCfg = Release|Any CPU
		{627D5E75-CD61-4F45-B202-10BC92174C01}.Release|Any CPU.Build.0 = Release|Any CPU
		{4E0D532C-FE6F-4A39-B347-5FEC9784A4A5}.Debug|Any CPU.ActiveCfg = Debug|Any CPU
		{4E0D532C-FE6F-4A39-B347-5FEC9784A4A5}.Debug|Any CPU.Build.0 = Debug|Any CPU
		{4E0D532C-FE6F-4A39-B347-5FEC9784A4A5}.Release|Any CPU.ActiveCfg = Release|Any CPU
		{4E0D532C-FE6F-4A39-B347-5FEC9784A4A5}.Release|Any CPU.Build.0 = Release|Any CPU
		{A42FE0BF-2EFE-47B8-AA30-B43C1AA8AFB5}.Debug|Any CPU.ActiveCfg = Debug|Any CPU
		{A42FE0BF-2EFE-47B8-AA30-B43C1AA8AFB5}.Debug|Any CPU.Build.0 = Debug|Any CPU
		{A42FE0BF-2EFE-47B8-AA30-B43C1AA8AFB5}.Release|Any CPU.ActiveCfg = Release|Any CPU
		{A42FE0BF-2EFE-47B8-AA30-B43C1AA8AFB5}.Release|Any CPU.Build.0 = Release|Any CPU
		{060FF7A5-FEA3-4F44-9C25-8421B162A1ED}.Debug|Any CPU.ActiveCfg = Debug|Any CPU
		{060FF7A5-FEA3-4F44-9C25-8421B162A1ED}.Debug|Any CPU.Build.0 = Debug|Any CPU
		{060FF7A5-FEA3-4F44-9C25-8421B162A1ED}.Release|Any CPU.ActiveCfg = Release|Any CPU
		{060FF7A5-FEA3-4F44-9C25-8421B162A1ED}.Release|Any CPU.Build.0 = Release|Any CPU
		{DFC89644-FF0A-4C36-93D0-469E8ECB0067}.Debug|Any CPU.ActiveCfg = Debug|Any CPU
		{DFC89644-FF0A-4C36-93D0-469E8ECB0067}.Debug|Any CPU.Build.0 = Debug|Any CPU
		{DFC89644-FF0A-4C36-93D0-469E8ECB0067}.Release|Any CPU.ActiveCfg = Release|Any CPU
		{DFC89644-FF0A-4C36-93D0-469E8ECB0067}.Release|Any CPU.Build.0 = Release|Any CPU
		{72574291-878C-417B-AB5A-C7E3D23514CB}.Debug|Any CPU.ActiveCfg = Debug|Any CPU
		{72574291-878C-417B-AB5A-C7E3D23514CB}.Debug|Any CPU.Build.0 = Debug|Any CPU
		{72574291-878C-417B-AB5A-C7E3D23514CB}.Release|Any CPU.ActiveCfg = Release|Any CPU
		{72574291-878C-417B-AB5A-C7E3D23514CB}.Release|Any CPU.Build.0 = Release|Any CPU
		{F830B25B-69EF-4400-9A76-799039D1F1EF}.Debug|Any CPU.ActiveCfg = Debug|Any CPU
		{F830B25B-69EF-4400-9A76-799039D1F1EF}.Debug|Any CPU.Build.0 = Debug|Any CPU
		{F830B25B-69EF-4400-9A76-799039D1F1EF}.Release|Any CPU.ActiveCfg = Release|Any CPU
		{F830B25B-69EF-4400-9A76-799039D1F1EF}.Release|Any CPU.Build.0 = Release|Any CPU
		{6525DFBA-4286-44EB-8359-D35B893D627F}.Debug|Any CPU.ActiveCfg = Debug|Any CPU
		{6525DFBA-4286-44EB-8359-D35B893D627F}.Debug|Any CPU.Build.0 = Debug|Any CPU
		{6525DFBA-4286-44EB-8359-D35B893D627F}.Release|Any CPU.ActiveCfg = Release|Any CPU
		{6525DFBA-4286-44EB-8359-D35B893D627F}.Release|Any CPU.Build.0 = Release|Any CPU
		{E62F7E97-8C60-4F6E-8312-82C3BE6A637C}.Debug|Any CPU.ActiveCfg = Debug|Any CPU
		{E62F7E97-8C60-4F6E-8312-82C3BE6A637C}.Debug|Any CPU.Build.0 = Debug|Any CPU
		{E62F7E97-8C60-4F6E-8312-82C3BE6A637C}.Release|Any CPU.ActiveCfg = Release|Any CPU
		{E62F7E97-8C60-4F6E-8312-82C3BE6A637C}.Release|Any CPU.Build.0 = Release|Any CPU
		{380E62BB-1ACE-4E44-8A6B-D176B1A706E0}.Debug|Any CPU.ActiveCfg = Debug|Any CPU
		{380E62BB-1ACE-4E44-8A6B-D176B1A706E0}.Debug|Any CPU.Build.0 = Debug|Any CPU
		{380E62BB-1ACE-4E44-8A6B-D176B1A706E0}.Release|Any CPU.ActiveCfg = Release|Any CPU
		{380E62BB-1ACE-4E44-8A6B-D176B1A706E0}.Release|Any CPU.Build.0 = Release|Any CPU
		{8F7EFD22-AAD4-413F-AA5D-6878858DDC49}.Debug|Any CPU.ActiveCfg = Debug|Any CPU
		{8F7EFD22-AAD4-413F-AA5D-6878858DDC49}.Debug|Any CPU.Build.0 = Debug|Any CPU
		{8F7EFD22-AAD4-413F-AA5D-6878858DDC49}.Release|Any CPU.ActiveCfg = Release|Any CPU
		{8F7EFD22-AAD4-413F-AA5D-6878858DDC49}.Release|Any CPU.Build.0 = Release|Any CPU
		{E7EBF92B-E795-4BAA-8E74-BDC598DEDF68}.Debug|Any CPU.ActiveCfg = Debug|Any CPU
		{E7EBF92B-E795-4BAA-8E74-BDC598DEDF68}.Debug|Any CPU.Build.0 = Debug|Any CPU
		{E7EBF92B-E795-4BAA-8E74-BDC598DEDF68}.Release|Any CPU.ActiveCfg = Release|Any CPU
		{E7EBF92B-E795-4BAA-8E74-BDC598DEDF68}.Release|Any CPU.Build.0 = Release|Any CPU
		{1DA59B52-E4C5-4C4A-81CC-EA829CE6961A}.Debug|Any CPU.ActiveCfg = Debug|Any CPU
		{1DA59B52-E4C5-4C4A-81CC-EA829CE6961A}.Debug|Any CPU.Build.0 = Debug|Any CPU
		{1DA59B52-E4C5-4C4A-81CC-EA829CE6961A}.Release|Any CPU.ActiveCfg = Release|Any CPU
		{1DA59B52-E4C5-4C4A-81CC-EA829CE6961A}.Release|Any CPU.Build.0 = Release|Any CPU
		{E1B4C088-27E2-4BB4-8BF5-708397476F46}.Debug|Any CPU.ActiveCfg = Debug|Any CPU
		{E1B4C088-27E2-4BB4-8BF5-708397476F46}.Debug|Any CPU.Build.0 = Debug|Any CPU
		{E1B4C088-27E2-4BB4-8BF5-708397476F46}.Release|Any CPU.ActiveCfg = Release|Any CPU
		{E1B4C088-27E2-4BB4-8BF5-708397476F46}.Release|Any CPU.Build.0 = Release|Any CPU
		{F3E0DDC9-57EA-4037-9592-FC3A620CFFF2}.Debug|Any CPU.ActiveCfg = Debug|Any CPU
		{F3E0DDC9-57EA-4037-9592-FC3A620CFFF2}.Debug|Any CPU.Build.0 = Debug|Any CPU
		{F3E0DDC9-57EA-4037-9592-FC3A620CFFF2}.Release|Any CPU.ActiveCfg = Release|Any CPU
		{F3E0DDC9-57EA-4037-9592-FC3A620CFFF2}.Release|Any CPU.Build.0 = Release|Any CPU
		{5AA820DC-D113-48EE-8BD0-7DA5290F4612}.Debug|Any CPU.ActiveCfg = Debug|Any CPU
		{5AA820DC-D113-48EE-8BD0-7DA5290F4612}.Debug|Any CPU.Build.0 = Debug|Any CPU
		{5AA820DC-D113-48EE-8BD0-7DA5290F4612}.Release|Any CPU.ActiveCfg = Release|Any CPU
		{5AA820DC-D113-48EE-8BD0-7DA5290F4612}.Release|Any CPU.Build.0 = Release|Any CPU
		{F6247179-E265-4129-827C-6F00D296A72D}.Debug|Any CPU.ActiveCfg = Debug|Any CPU
		{F6247179-E265-4129-827C-6F00D296A72D}.Debug|Any CPU.Build.0 = Debug|Any CPU
		{F6247179-E265-4129-827C-6F00D296A72D}.Release|Any CPU.ActiveCfg = Release|Any CPU
		{F6247179-E265-4129-827C-6F00D296A72D}.Release|Any CPU.Build.0 = Release|Any CPU
		{6A0E8607-3DDE-4C1C-9E3C-7B93DB89EDA2}.Debug|Any CPU.ActiveCfg = Debug|Any CPU
		{6A0E8607-3DDE-4C1C-9E3C-7B93DB89EDA2}.Debug|Any CPU.Build.0 = Debug|Any CPU
		{6A0E8607-3DDE-4C1C-9E3C-7B93DB89EDA2}.Release|Any CPU.ActiveCfg = Release|Any CPU
		{6A0E8607-3DDE-4C1C-9E3C-7B93DB89EDA2}.Release|Any CPU.Build.0 = Release|Any CPU
		{F175B091-3409-44E2-A4E0-390A2CE218B9}.Debug|Any CPU.ActiveCfg = Debug|Any CPU
		{F175B091-3409-44E2-A4E0-390A2CE218B9}.Debug|Any CPU.Build.0 = Debug|Any CPU
		{F175B091-3409-44E2-A4E0-390A2CE218B9}.Release|Any CPU.ActiveCfg = Release|Any CPU
		{F175B091-3409-44E2-A4E0-390A2CE218B9}.Release|Any CPU.Build.0 = Release|Any CPU
		{C4BD20B7-883E-4E5D-80AA-BA6B46E02B0C}.Debug|Any CPU.ActiveCfg = Debug|Any CPU
		{C4BD20B7-883E-4E5D-80AA-BA6B46E02B0C}.Debug|Any CPU.Build.0 = Debug|Any CPU
		{C4BD20B7-883E-4E5D-80AA-BA6B46E02B0C}.Release|Any CPU.ActiveCfg = Release|Any CPU
		{C4BD20B7-883E-4E5D-80AA-BA6B46E02B0C}.Release|Any CPU.Build.0 = Release|Any CPU
		{A06745C0-75BF-425F-9AD1-726C4139708E}.Debug|Any CPU.ActiveCfg = Debug|Any CPU
		{A06745C0-75BF-425F-9AD1-726C4139708E}.Debug|Any CPU.Build.0 = Debug|Any CPU
		{A06745C0-75BF-425F-9AD1-726C4139708E}.Release|Any CPU.ActiveCfg = Release|Any CPU
		{A06745C0-75BF-425F-9AD1-726C4139708E}.Release|Any CPU.Build.0 = Release|Any CPU
	EndGlobalSection
	GlobalSection(SolutionProperties) = preSolution
		HideSolutionNode = FALSE
	EndGlobalSection
	GlobalSection(NestedProjects) = preSolution
		{AC6303D4-C5B8-478A-85B2-674CEEBBFE4B} = {140CA7C1-13C2-46AF-9A40-7B65C94FF5BC}
		{627D5E75-CD61-4F45-B202-10BC92174C01} = {140CA7C1-13C2-46AF-9A40-7B65C94FF5BC}
		{4E0D532C-FE6F-4A39-B347-5FEC9784A4A5} = {140CA7C1-13C2-46AF-9A40-7B65C94FF5BC}
		{A42FE0BF-2EFE-47B8-AA30-B43C1AA8AFB5} = {140CA7C1-13C2-46AF-9A40-7B65C94FF5BC}
		{060FF7A5-FEA3-4F44-9C25-8421B162A1ED} = {140CA7C1-13C2-46AF-9A40-7B65C94FF5BC}
		{DFC89644-FF0A-4C36-93D0-469E8ECB0067} = {140CA7C1-13C2-46AF-9A40-7B65C94FF5BC}
		{72574291-878C-417B-AB5A-C7E3D23514CB} = {140CA7C1-13C2-46AF-9A40-7B65C94FF5BC}
		{F830B25B-69EF-4400-9A76-799039D1F1EF} = {140CA7C1-13C2-46AF-9A40-7B65C94FF5BC}
		{6525DFBA-4286-44EB-8359-D35B893D627F} = {4C38372C-AF86-4019-8B1E-4B4827E39D10}
		{E62F7E97-8C60-4F6E-8312-82C3BE6A637C} = {4C38372C-AF86-4019-8B1E-4B4827E39D10}
		{380E62BB-1ACE-4E44-8A6B-D176B1A706E0} = {4C38372C-AF86-4019-8B1E-4B4827E39D10}
		{8F7EFD22-AAD4-413F-AA5D-6878858DDC49} = {4C38372C-AF86-4019-8B1E-4B4827E39D10}
		{E7EBF92B-E795-4BAA-8E74-BDC598DEDF68} = {4C38372C-AF86-4019-8B1E-4B4827E39D10}
		{1DA59B52-E4C5-4C4A-81CC-EA829CE6961A} = {A96EC778-2B46-4FF6-A71D-AC0E7714A31E}
		{E1B4C088-27E2-4BB4-8BF5-708397476F46} = {A96EC778-2B46-4FF6-A71D-AC0E7714A31E}
		{F3E0DDC9-57EA-4037-9592-FC3A620CFFF2} = {A96EC778-2B46-4FF6-A71D-AC0E7714A31E}
		{5AA820DC-D113-48EE-8BD0-7DA5290F4612} = {9C3CA4DD-C643-48F2-8D8D-6024F09DD88D}
		{F6247179-E265-4129-827C-6F00D296A72D} = {9C3CA4DD-C643-48F2-8D8D-6024F09DD88D}
		{6A0E8607-3DDE-4C1C-9E3C-7B93DB89EDA2} = {140CA7C1-13C2-46AF-9A40-7B65C94FF5BC}
		{F175B091-3409-44E2-A4E0-390A2CE218B9} = {140CA7C1-13C2-46AF-9A40-7B65C94FF5BC}
		{C4BD20B7-883E-4E5D-80AA-BA6B46E02B0C} = {140CA7C1-13C2-46AF-9A40-7B65C94FF5BC}
		{A06745C0-75BF-425F-9AD1-726C4139708E} = {4C38372C-AF86-4019-8B1E-4B4827E39D10}
	EndGlobalSection
	GlobalSection(ExtensibilityGlobals) = postSolution
		SolutionGuid = {167D4B81-B91A-4D40-AEEF-6CC3C49F9CD1}
	EndGlobalSection
EndGlobal
